{
    "_meta": {
        "hash": {
            "sha256": "c2d5d77e02d4580dd83b42fa87bb2d7c7c4786a3c6c411bb98f88cac63ee7c77"
        },
        "pipfile-spec": 6,
        "requires": {
            "python_version": "3.8"
        },
        "sources": [
            {
                "name": "pypi",
                "url": "https://pypi.org/simple",
                "verify_ssl": true
            }
        ]
    },
    "default": {
        "jedi": {
            "hashes": [
                "sha256:1349c1e8c107095a55386628bb3b2a79422f3a2cab8381e34ce19909e0cf5064",
                "sha256:e909527104a903606dd63bea6e8e888833f0ef087057829b89a18364a856f807"
            ],
            "version": "==0.15.2"
        },
        "parso": {
            "hashes": [
                "sha256:0c5659e0c6eba20636f99a04f469798dca8da279645ce5c387315b2c23912157",
                "sha256:8515fc12cfca6ee3aa59138741fc5624d62340c97e401c74875769948d4f2995"
            ],
            "version": "==0.6.2"
        },
        "pluggy": {
            "hashes": [
                "sha256:15b2acde666561e1298d71b523007ed7364de07029219b604cf808bfa1c765b0",
                "sha256:966c145cd83c96502c3c3868f50408687b38434af77734af1e9ca461a4081d2d"
            ],
            "version": "==0.13.1"
        },
        "python-jsonrpc-server": {
            "hashes": [
                "sha256:1f85f75f37f923149cc0aa078474b6df55b708e82ed819ca8846a65d7d0ada7f",
                "sha256:c73bf5495c9dd4d2f902755bedeb6da5afe778e0beee82f0e195c4655352fe37"
            ],
            "version": "==0.3.4"
        },
        "python-language-server": {
            "hashes": [
                "sha256:5c6963706c6d5ac19f11a86efacd897659e0959db3ac0fc991dd9297a37d27cb",
                "sha256:b11b4991f488a235086c5fea86799ee9e4dc52a6316fa186d6d0e0c99e654292"
            ],
            "index": "pypi",
            "version": "==0.31.9"
        },
        "ujson": {
            "hashes": [
                "sha256:f66073e5506e91d204ab0c614a148d5aa938bdbf104751be66f8ad7a222f5f86"
            ],
            "markers": "platform_system != 'Windows'",
            "version": "==1.35"
        }
    },
    "develop": {}
}
